
Microsoft Visual Studio Solution File, Format Version 12.00
# Visual Studio Version 17
VisualStudioVersion = 17.2.32630.192
MinimumVisualStudioVersion = 10.0.40219.1
Project("{9A19103F-16F7-4668-BE54-9A1E7A4F7556}") = "capture_xamarin_sdk_sample", "capture_xamarin\capture_xamarin\capture_xamarin_sdk_sample.csproj", "{4BF23732-8E74-4B50-8186-CEA866A022F6}"
EndProject
Project("{FAE04EC0-301F-11D3-BF4B-00C04F79EFBC}") = "capture_xamarin_sdk_sample.Android", "capture_xamarin\capture_xamarin.Android\capture_xamarin_sdk_sample.Android.csproj", "{D33A03C9-1D43-4641-87C5-01487625988F}"
EndProject
Project("{FAE04EC0-301F-11D3-BF4B-00C04F79EFBC}") = "capture_xamarin_sdk_sample.iOS", "capture_xamarin\capture_xamarin.iOS\capture_xamarin_sdk_sample.iOS.csproj", "{E81F7EF6-4E47-4D0D-9319-84026E9B95A1}"
EndProject
Project("{FAE04EC0-301F-11D3-BF4B-00C04F79EFBC}") = "capture_xamarin_sdk_sample.Windows", "capture_xamarin\capture_xamarin.Windows\capture_xamarin_sdk_sample.Windows.csproj", "{2EB4C2FA-86D4-4453-9579-15FC301DB696}"
EndProject
Global
	GlobalSection(SolutionConfigurationPlatforms) = preSolution
		Debug|Any CPU = Debug|Any CPU
		Debug|ARM = Debug|ARM
		Debug|ARM64 = Debug|ARM64
		Debug|iPhone = Debug|iPhone
		Debug|iPhoneSimulator = Debug|iPhoneSimulator
		Debug|x64 = Debug|x64
		Debug|x86 = Debug|x86
		Release|Any CPU = Release|Any CPU
		Release|ARM = Release|ARM
		Release|ARM64 = Release|ARM64
		Release|iPhone = Release|iPhone
		Release|iPhoneSimulator = Release|iPhoneSimulator
		Release|x64 = Release|x64
		Release|x86 = Release|x86
	EndGlobalSection
	GlobalSection(ProjectConfigurationPlatforms) = postSolution
		{4BF23732-8E74-4B50-8186-CEA866A022F6}.Debug|Any CPU.ActiveCfg = Debug|Any CPU
		{4BF23732-8E74-4B50-8186-CEA866A022F6}.Debug|Any CPU.Build.0 = Debug|Any CPU
		{4BF23732-8E74-4B50-8186-CEA866A022F6}.Debug|ARM.ActiveCfg = Debug|Any CPU
		{4BF23732-8E74-4B50-8186-CEA866A022F6}.Debug|ARM.Build.0 = Debug|Any CPU
		{4BF23732-8E74-4B50-8186-CEA866A022F6}.Debug|ARM64.ActiveCfg = Debug|Any CPU
		{4BF23732-8E74-4B50-8186-CEA866A022F6}.Debug|ARM64.Build.0 = Debug|Any CPU
		{4BF23732-8E74-4B50-8186-CEA866A022F6}.Debug|iPhone.ActiveCfg = Debug|Any CPU
		{4BF23732-8E74-4B50-8186-CEA866A022F6}.Debug|iPhone.Build.0 = Debug|Any CPU
		{4BF23732-8E74-4B50-8186-CEA866A022F6}.Debug|iPhoneSimulator.ActiveCfg = Debug|Any CPU
		{4BF23732-8E74-4B50-8186-CEA866A022F6}.Debug|iPhoneSimulator.Build.0 = Debug|Any CPU
		{4BF23732-8E74-4B50-8186-CEA866A022F6}.Debug|x64.ActiveCfg = Debug|Any CPU
		{4BF23732-8E74-4B50-8186-CEA866A022F6}.Debug|x64.Build.0 = Debug|Any CPU
		{4BF23732-8E74-4B50-8186-CEA866A022F6}.Debug|x86.ActiveCfg = Debug|Any CPU
		{4BF23732-8E74-4B50-8186-CEA866A022F6}.Debug|x86.Build.0 = Debug|Any CPU
		{4BF23732-8E74-4B50-8186-CEA866A022F6}.Release|Any CPU.ActiveCfg = Release|Any CPU
		{4BF23732-8E74-4B50-8186-CEA866A022F6}.Release|Any CPU.Build.0 = Release|Any CPU
		{4BF23732-8E74-4B50-8186-CEA866A022F6}.Release|ARM.ActiveCfg = Release|Any CPU
		{4BF23732-8E74-4B50-8186-CEA866A022F6}.Release|ARM.Build.0 = Release|Any CPU
		{4BF23732-8E74-4B50-8186-CEA866A022F6}.Release|ARM64.ActiveCfg = Release|Any CPU
		{4BF23732-8E74-4B50-8186-CEA866A022F6}.Release|ARM64.Build.0 = Release|Any CPU
		{4BF23732-8E74-4B50-8186-CEA866A022F6}.Release|iPhone.ActiveCfg = Release|Any CPU
		{4BF23732-8E74-4B50-8186-CEA866A022F6}.Release|iPhone.Build.0 = Release|Any CPU
		{4BF23732-8E74-4B50-8186-CEA866A022F6}.Release|iPhoneSimulator.ActiveCfg = Release|Any CPU
		{4BF23732-8E74-4B50-8186-CEA866A022F6}.Release|iPhoneSimulator.Build.0 = Release|Any CPU
		{4BF23732-8E74-4B50-8186-CEA866A022F6}.Release|x64.ActiveCfg = Release|Any CPU
		{4BF23732-8E74-4B50-8186-CEA866A022F6}.Release|x64.Build.0 = Release|Any CPU
		{4BF23732-8E74-4B50-8186-CEA866A022F6}.Release|x86.ActiveCfg = Release|Any CPU
		{4BF23732-8E74-4B50-8186-CEA866A022F6}.Release|x86.Build.0 = Release|Any CPU
		{D33A03C9-1D43-4641-87C5-01487625988F}.Debug|Any CPU.ActiveCfg = Debug|Any CPU
		{D33A03C9-1D43-4641-87C5-01487625988F}.Debug|Any CPU.Build.0 = Debug|Any CPU
		{D33A03C9-1D43-4641-87C5-01487625988F}.Debug|Any CPU.Deploy.0 = Debug|Any CPU
		{D33A03C9-1D43-4641-87C5-01487625988F}.Debug|ARM.ActiveCfg = Debug|Any CPU
		{D33A03C9-1D43-4641-87C5-01487625988F}.Debug|ARM.Build.0 = Debug|Any CPU
		{D33A03C9-1D43-4641-87C5-01487625988F}.Debug|ARM.Deploy.0 = Debug|Any CPU
		{D33A03C9-1D43-4641-87C5-01487625988F}.Debug|ARM64.ActiveCfg = Debug|Any CPU
		{D33A03C9-1D43-4641-87C5-01487625988F}.Debug|ARM64.Build.0 = Debug|Any CPU
		{D33A03C9-1D43-4641-87C5-01487625988F}.Debug|ARM64.Deploy.0 = Debug|Any CPU
		{D33A03C9-1D43-4641-87C5-01487625988F}.Debug|iPhone.ActiveCfg = Debug|Any CPU
		{D33A03C9-1D43-4641-87C5-01487625988F}.Debug|iPhone.Build.0 = Debug|Any CPU
		{D33A03C9-1D43-4641-87C5-01487625988F}.Debug|iPhone.Deploy.0 = Debug|Any CPU
		{D33A03C9-1D43-4641-87C5-01487625988F}.Debug|iPhoneSimulator.ActiveCfg = Debug|Any CPU
		{D33A03C9-1D43-4641-87C5-01487625988F}.Debug|iPhoneSimulator.Build.0 = Debug|Any CPU
		{D33A03C9-1D43-4641-87C5-01487625988F}.Debug|iPhoneSimulator.Deploy.0 = Debug|Any CPU
		{D33A03C9-1D43-4641-87C5-01487625988F}.Debug|x64.ActiveCfg = Debug|Any CPU
		{D33A03C9-1D43-4641-87C5-01487625988F}.Debug|x64.Build.0 = Debug|Any CPU
		{D33A03C9-1D43-4641-87C5-01487625988F}.Debug|x64.Deploy.0 = Debug|Any CPU
		{D33A03C9-1D43-4641-87C5-01487625988F}.Debug|x86.ActiveCfg = Debug|Any CPU
		{D33A03C9-1D43-4641-87C5-01487625988F}.Debug|x86.Build.0 = Debug|Any CPU
		{D33A03C9-1D43-4641-87C5-01487625988F}.Debug|x86.Deploy.0 = Debug|Any CPU
		{D33A03C9-1D43-4641-87C5-01487625988F}.Release|Any CPU.ActiveCfg = Release|Any CPU
		{D33A03C9-1D43-4641-87C5-01487625988F}.Release|Any CPU.Build.0 = Release|Any CPU
		{D33A03C9-1D43-4641-87C5-01487625988F}.Release|Any CPU.Deploy.0 = Release|Any CPU
		{D33A03C9-1D43-4641-87C5-01487625988F}.Release|ARM.ActiveCfg = Release|Any CPU
		{D33A03C9-1D43-4641-87C5-01487625988F}.Release|ARM.Build.0 = Release|Any CPU
		{D33A03C9-1D43-4641-87C5-01487625988F}.Release|ARM.Deploy.0 = Release|Any CPU
		{D33A03C9-1D43-4641-87C5-01487625988F}.Release|ARM64.ActiveCfg = Release|Any CPU
		{D33A03C9-1D43-4641-87C5-01487625988F}.Release|ARM64.Build.0 = Release|Any CPU
		{D33A03C9-1D43-4641-87C5-01487625988F}.Release|ARM64.Deploy.0 = Release|Any CPU
		{D33A03C9-1D43-4641-87C5-01487625988F}.Release|iPhone.ActiveCfg = Release|Any CPU
		{D33A03C9-1D43-4641-87C5-01487625988F}.Release|iPhone.Build.0 = Release|Any CPU
		{D33A03C9-1D43-4641-87C5-01487625988F}.Release|iPhone.Deploy.0 = Release|Any CPU
		{D33A03C9-1D43-4641-87C5-01487625988F}.Release|iPhoneSimulator.ActiveCfg = Release|Any CPU
		{D33A03C9-1D43-4641-87C5-01487625988F}.Release|iPhoneSimulator.Build.0 = Release|Any CPU
		{D33A03C9-1D43-4641-87C5-01487625988F}.Release|iPhoneSimulator.Deploy.0 = Release|Any CPU
		{D33A03C9-1D43-4641-87C5-01487625988F}.Release|x64.ActiveCfg = Release|Any CPU
		{D33A03C9-1D43-4641-87C5-01487625988F}.Release|x64.Build.0 = Release|Any CPU
		{D33A03C9-1D43-4641-87C5-01487625988F}.Release|x64.Deploy.0 = Release|Any CPU
		{D33A03C9-1D43-4641-87C5-01487625988F}.Release|x86.ActiveCfg = Release|Any CPU
		{D33A03C9-1D43-4641-87C5-01487625988F}.Release|x86.Build.0 = Release|Any CPU
		{D33A03C9-1D43-4641-87C5-01487625988F}.Release|x86.Deploy.0 = Release|Any CPU
		{E81F7EF6-4E47-4D0D-9319-84026E9B95A1}.Debug|Any CPU.ActiveCfg = Debug|iPhoneSimulator
		{E81F7EF6-4E47-4D0D-9319-84026E9B95A1}.Debug|Any CPU.Build.0 = Debug|iPhoneSimulator
		{E81F7EF6-4E47-4D0D-9319-84026E9B95A1}.Debug|ARM.ActiveCfg = Debug|iPhoneSimulator
		{E81F7EF6-4E47-4D0D-9319-84026E9B95A1}.Debug|ARM.Build.0 = Debug|iPhoneSimulator
		{E81F7EF6-4E47-4D0D-9319-84026E9B95A1}.Debug|ARM64.ActiveCfg = Debug|iPhoneSimulator
		{E81F7EF6-4E47-4D0D-9319-84026E9B95A1}.Debug|ARM64.Build.0 = Debug|iPhoneSimulator
		{E81F7EF6-4E47-4D0D-9319-84026E9B95A1}.Debug|iPhone.ActiveCfg = Debug|iPhone
		{E81F7EF6-4E47-4D0D-9319-84026E9B95A1}.Debug|iPhone.Build.0 = Debug|iPhone
		{E81F7EF6-4E47-4D0D-9319-84026E9B95A1}.Debug|iPhoneSimulator.ActiveCfg = Debug|iPhoneSimulator
		{E81F7EF6-4E47-4D0D-9319-84026E9B95A1}.Debug|iPhoneSimulator.Build.0 = Debug|iPhoneSimulator
		{E81F7EF6-4E47-4D0D-9319-84026E9B95A1}.Debug|x64.ActiveCfg = Debug|iPhoneSimulator
		{E81F7EF6-4E47-4D0D-9319-84026E9B95A1}.Debug|x64.Build.0 = Debug|iPhoneSimulator
		{E81F7EF6-4E47-4D0D-9319-84026E9B95A1}.Debug|x86.ActiveCfg = Debug|iPhoneSimulator
		{E81F7EF6-4E47-4D0D-9319-84026E9B95A1}.Debug|x86.Build.0 = Debug|iPhoneSimulator
		{E81F7EF6-4E47-4D0D-9319-84026E9B95A1}.Release|Any CPU.ActiveCfg = Release|iPhoneSimulator
		{E81F7EF6-4E47-4D0D-9319-84026E9B95A1}.Release|Any CPU.Build.0 = Release|iPhoneSimulator
		{E81F7EF6-4E47-4D0D-9319-84026E9B95A1}.Release|ARM.ActiveCfg = Release|iPhoneSimulator
		{E81F7EF6-4E47-4D0D-9319-84026E9B95A1}.Release|ARM.Build.0 = Release|iPhoneSimulator
		{E81F7EF6-4E47-4D0D-9319-84026E9B95A1}.Release|ARM64.ActiveCfg = Release|iPhoneSimulator
		{E81F7EF6-4E47-4D0D-9319-84026E9B95A1}.Release|ARM64.Build.0 = Release|iPhoneSimulator
		{E81F7EF6-4E47-4D0D-9319-84026E9B95A1}.Release|iPhone.ActiveCfg = Release|iPhone
		{E81F7EF6-4E47-4D0D-9319-84026E9B95A1}.Release|iPhone.Build.0 = Release|iPhone
		{E81F7EF6-4E47-4D0D-9319-84026E9B95A1}.Release|iPhoneSimulator.ActiveCfg = Release|iPhoneSimulator
		{E81F7EF6-4E47-4D0D-9319-84026E9B95A1}.Release|iPhoneSimulator.Build.0 = Release|iPhoneSimulator
		{E81F7EF6-4E47-4D0D-9319-84026E9B95A1}.Release|x64.ActiveCfg = Release|iPhoneSimulator
		{E81F7EF6-4E47-4D0D-9319-84026E9B95A1}.Release|x64.Build.0 = Release|iPhoneSimulator
		{E81F7EF6-4E47-4D0D-9319-84026E9B95A1}.Release|x86.ActiveCfg = Release|iPhoneSimulator
		{E81F7EF6-4E47-4D0D-9319-84026E9B95A1}.Release|x86.Build.0 = Release|iPhoneSimulator
		{2EB4C2FA-86D4-4453-9579-15FC301DB696}.Debug|Any CPU.ActiveCfg = Debug|x64
		{2EB4C2FA-86D4-4453-9579-15FC301DB696}.Debug|Any CPU.Build.0 = Debug|x64
		{2EB4C2FA-86D4-4453-9579-15FC301DB696}.Debug|Any CPU.Deploy.0 = Debug|x64
		{2EB4C2FA-86D4-4453-9579-15FC301DB696}.Debug|ARM.ActiveCfg = Debug|ARM
		{2EB4C2FA-86D4-4453-9579-15FC301DB696}.Debug|ARM.Build.0 = Debug|ARM
		{2EB4C2FA-86D4-4453-9579-15FC301DB696}.Debug|ARM.Deploy.0 = Debug|ARM
		{2EB4C2FA-86D4-4453-9579-15FC301DB696}.Debug|ARM64.ActiveCfg = Debug|ARM64
		{2EB4C2FA-86D4-4453-9579-15FC301DB696}.Debug|ARM64.Build.0 = Debug|ARM64
		{2EB4C2FA-86D4-4453-9579-15FC301DB696}.Debug|ARM64.Deploy.0 = Debug|ARM64
		{2EB4C2FA-86D4-4453-9579-15FC301DB696}.Debug|iPhone.ActiveCfg = Debug|x64
		{2EB4C2FA-86D4-4453-9579-15FC301DB696}.Debug|iPhone.Build.0 = Debug|x64
		{2EB4C2FA-86D4-4453-9579-15FC301DB696}.Debug|iPhone.Deploy.0 = Debug|x64
		{2EB4C2FA-86D4-4453-9579-15FC301DB696}.Debug|iPhoneSimulator.ActiveCfg = Debug|x64
		{2EB4C2FA-86D4-4453-9579-15FC301DB696}.Debug|iPhoneSimulator.Build.0 = Debug|x64
		{2EB4C2FA-86D4-4453-9579-15FC301DB696}.Debug|iPhoneSimulator.Deploy.0 = Debug|x64
		{2EB4C2FA-86D4-4453-9579-15FC301DB696}.Debug|x64.ActiveCfg = Debug|x64
		{2EB4C2FA-86D4-4453-9579-15FC301DB696}.Debug|x64.Build.0 = Debug|x64
		{2EB4C2FA-86D4-4453-9579-15FC301DB696}.Debug|x64.Deploy.0 = Debug|x64
		{2EB4C2FA-86D4-4453-9579-15FC301DB696}.Debug|x86.ActiveCfg = Debug|x86
		{2EB4C2FA-86D4-4453-9579-15FC301DB696}.Debug|x86.Build.0 = Debug|x86
		{2EB4C2FA-86D4-4453-9579-15FC301DB696}.Debug|x86.Deploy.0 = Debug|x86
		{2EB4C2FA-86D4-4453-9579-15FC301DB696}.Release|Any CPU.ActiveCfg = Release|x64
		{2EB4C2FA-86D4-4453-9579-15FC301DB696}.Release|Any CPU.Build.0 = Release|x64
		{2EB4C2FA-86D4-4453-9579-15FC301DB696}.Release|Any CPU.Deploy.0 = Release|x64
		{2EB4C2FA-86D4-4453-9579-15FC301DB696}.Release|ARM.ActiveCfg = Release|ARM
		{2EB4C2FA-86D4-4453-9579-15FC301DB696}.Release|ARM.Build.0 = Release|ARM
		{2EB4C2FA-86D4-4453-9579-15FC301DB696}.Release|ARM.Deploy.0 = Release|ARM
		{2EB4C2FA-86D4-4453-9579-15FC301DB696}.Release|ARM64.ActiveCfg = Release|ARM64
		{2EB4C2FA-86D4-4453-9579-15FC301DB696}.Release|ARM64.Build.0 = Release|ARM64
		{2EB4C2FA-86D4-4453-9579-15FC301DB696}.Release|ARM64.Deploy.0 = Release|ARM64
		{2EB4C2FA-86D4-4453-9579-15FC301DB696}.Release|iPhone.ActiveCfg = Release|x64
		{2EB4C2FA-86D4-4453-9579-15FC301DB696}.Release|iPhone.Build.0 = Release|x64
		{2EB4C2FA-86D4-4453-9579-15FC301DB696}.Release|iPhone.Deploy.0 = Release|x64
		{2EB4C2FA-86D4-4453-9579-15FC301DB696}.Release|iPhoneSimulator.ActiveCfg = Release|x64
		{2EB4C2FA-86D4-4453-9579-15FC301DB696}.Release|iPhoneSimulator.Build.0 = Release|x64
		{2EB4C2FA-86D4-4453-9579-15FC301DB696}.Release|iPhoneSimulator.Deploy.0 = Release|x64
		{2EB4C2FA-86D4-4453-9579-15FC301DB696}.Release|x64.ActiveCfg = Release|x64
		{2EB4C2FA-86D4-4453-9579-15FC301DB696}.Release|x64.Build.0 = Release|x64
		{2EB4C2FA-86D4-4453-9579-15FC301DB696}.Release|x64.Deploy.0 = Release|x64
		{2EB4C2FA-86D4-4453-9579-15FC301DB696}.Release|x86.ActiveCfg = Release|x86
		{2EB4C2FA-86D4-4453-9579-15FC301DB696}.Release|x86.Build.0 = Release|x86
		{2EB4C2FA-86D4-4453-9579-15FC301DB696}.Release|x86.Deploy.0 = Release|x86
	EndGlobalSection
	GlobalSection(SolutionProperties) = preSolution
		HideSolutionNode = FALSE
	EndGlobalSection
	GlobalSection(ExtensibilityGlobals) = postSolution
		SolutionGuid = {65CDB614-0D5E-43A6-9E0C-48E9604E16A9}
	EndGlobalSection
EndGlobal
